// !$*UTF8*$!
{
	archiveVersion = 1;
	classes = {
	};
	objectVersion = 77;
	objects = {

/* Begin PBXBuildFile section */
		894ADB702DAC07B900E9A61D /* SwiftUITooltip in Frameworks */ = {isa = PBXBuildFile; productRef = 894ADB6F2DAC07B900E9A61D /* SwiftUITooltip */; };
/* End PBXBuildFile section */

/* Begin PBXContainerItemProxy section */
		898FC2FA2D9B967300AA6247 /* PBXContainerItemProxy */ = {
			isa = PBXContainerItemProxy;
			containerPortal = 898FC2E42D9B967000AA6247 /* Project object */;
			proxyType = 1;
			remoteGlobalIDString = 898FC2EB2D9B967000AA6247;
			remoteInfo = Quranian;
		};
		898FC3042D9B967300AA6247 /* PBXContainerItemProxy */ = {
			isa = PBXContainerItemProxy;
			containerPortal = 898FC2E42D9B967000AA6247 /* Project object */;
			proxyType = 1;
			remoteGlobalIDString = 898FC2EB2D9B967000AA6247;
			remoteInfo = Quranian;
		};
/* End PBXContainerItemProxy section */

/* Begin PBXFileReference section */
		898FC2EC2D9B967000AA6247 /* Quranian.app */ = {isa = PBXFileReference; explicitFileType = wrapper.application; includeInIndex = 0; path = Quranian.app; sourceTree = BUILT_PRODUCTS_DIR; };
		898FC2F92D9B967300AA6247 /* QuranianTests.xctest */ = {isa = PBXFileReference; explicitFileType = wrapper.cfbundle; includeInIndex = 0; path = QuranianTests.xctest; sourceTree = BUILT_PRODUCTS_DIR; };
		898FC3032D9B967300AA6247 /* QuranianUITests.xctest */ = {isa = PBXFileReference; explicitFileType = wrapper.cfbundle; includeInIndex = 0; path = QuranianUITests.xctest; sourceTree = BUILT_PRODUCTS_DIR; };
/* End PBXFileReference section */

/* Begin PBXFileSystemSynchronizedBuildFileExceptionSet section */
		891334282D9D54D600C3B263 /* Exceptions for "Quranian" folder in "Quranian" target */ = {
			isa = PBXFileSystemSynchronizedBuildFileExceptionSet;
			membershipExceptions = (
				Info.plist,
			);
			target = 898FC2EB2D9B967000AA6247 /* Quranian */;
		};
/* End PBXFileSystemSynchronizedBuildFileExceptionSet section */

/* Begin PBXFileSystemSynchronizedRootGroup section */
		898FC2EE2D9B967000AA6247 /* Quranian */ = {
			isa = PBXFileSystemSynchronizedRootGroup;
			exceptions = (
				891334282D9D54D600C3B263 /* Exceptions for "Quranian" folder in "Quranian" target */,
			);
			path = Quranian;
			sourceTree = "<group>";
		};
		898FC2FC2D9B967300AA6247 /* QuranianTests */ = {
			isa = PBXFileSystemSynchronizedRootGroup;
			path = QuranianTests;
			sourceTree = "<group>";
		};
		898FC3062D9B967300AA6247 /* QuranianUITests */ = {
			isa = PBXFileSystemSynchronizedRootGroup;
			path = QuranianUITests;
			sourceTree = "<group>";
		};
/* End PBXFileSystemSynchronizedRootGroup section */

/* Begin PBXFrameworksBuildPhase section */
		898FC2E92D9B967000AA6247 /* Frameworks */ = {
			isa = PBXFrameworksBuildPhase;
			buildActionMask = 2147483647;
			files = (
				894ADB702DAC07B900E9A61D /* SwiftUITooltip in Frameworks */,
			);
			runOnlyForDeploymentPostprocessing = 0;
		};
		898FC2F62D9B967300AA6247 /* Frameworks */ = {
			isa = PBXFrameworksBuildPhase;
			buildActionMask = 2147483647;
			files = (
			);
			runOnlyForDeploymentPostprocessing = 0;
		};
		898FC3002D9B967300AA6247 /* Frameworks */ = {
			isa = PBXFrameworksBuildPhase;
			buildActionMask = 2147483647;
			files = (
			);
			runOnlyForDeploymentPostprocessing = 0;
		};
/* End PBXFrameworksBuildPhase section */

/* Begin PBXGroup section */
		896494EA2DA4A63E003F3ECD /* Frameworks */ = {
			isa = PBXGroup;
			children = (
			);
			name = Frameworks;
			sourceTree = "<group>";
		};
		898FC2E32D9B967000AA6247 = {
			isa = PBXGroup;
			children = (
				898FC2EE2D9B967000AA6247 /* Quranian */,
				898FC2FC2D9B967300AA6247 /* QuranianTests */,
				898FC3062D9B967300AA6247 /* QuranianUITests */,
				896494EA2DA4A63E003F3ECD /* Frameworks */,
				898FC2ED2D9B967000AA6247 /* Products */,
			);
			sourceTree = "<group>";
		};
		898FC2ED2D9B967000AA6247 /* Products */ = {
			isa = PBXGroup;
			children = (
				898FC2EC2D9B967000AA6247 /* Quranian.app */,
				898FC2F92D9B967300AA6247 /* QuranianTests.xctest */,
				898FC3032D9B967300AA6247 /* QuranianUITests.xctest */,
			);
			name = Products;
			sourceTree = "<group>";
		};
/* End PBXGroup section */

/* Begin PBXNativeTarget section */
		898FC2EB2D9B967000AA6247 /* Quranian */ = {
			isa = PBXNativeTarget;
			buildConfigurationList = 898FC30D2D9B967300AA6247 /* Build configuration list for PBXNativeTarget "Quranian" */;
			buildPhases = (
				898FC2E82D9B967000AA6247 /* Sources */,
				898FC2E92D9B967000AA6247 /* Frameworks */,
				898FC2EA2D9B967000AA6247 /* Resources */,
			);
			buildRules = (
			);
			dependencies = (
			);
			fileSystemSynchronizedGroups = (
				898FC2EE2D9B967000AA6247 /* Quranian */,
			);
			name = Quranian;
			packageProductDependencies = (
				894ADB6F2DAC07B900E9A61D /* SwiftUITooltip */,
			);
			productName = Quranian;
			productReference = 898FC2EC2D9B967000AA6247 /* Quranian.app */;
			productType = "com.apple.product-type.application";
		};
		898FC2F82D9B967300AA6247 /* QuranianTests */ = {
			isa = PBXNativeTarget;
			buildConfigurationList = 898FC3102D9B967300AA6247 /* Build configuration list for PBXNativeTarget "QuranianTests" */;
			buildPhases = (
				898FC2F52D9B967300AA6247 /* Sources */,
				898FC2F62D9B967300AA6247 /* Frameworks */,
				898FC2F72D9B967300AA6247 /* Resources */,
			);
			buildRules = (
			);
			dependencies = (
				898FC2FB2D9B967300AA6247 /* PBXTargetDependency */,
			);
			fileSystemSynchronizedGroups = (
				898FC2FC2D9B967300AA6247 /* QuranianTests */,
			);
			name = QuranianTests;
			packageProductDependencies = (
			);
			productName = QuranianTests;
			productReference = 898FC2F92D9B967300AA6247 /* QuranianTests.xctest */;
			productType = "com.apple.product-type.bundle.unit-test";
		};
		898FC3022D9B967300AA6247 /* QuranianUITests */ = {
			isa = PBXNativeTarget;
			buildConfigurationList = 898FC3132D9B967300AA6247 /* Build configuration list for PBXNativeTarget "QuranianUITests" */;
			buildPhases = (
				898FC2FF2D9B967300AA6247 /* Sources */,
				898FC3002D9B967300AA6247 /* Frameworks */,
				898FC3012D9B967300AA6247 /* Resources */,
			);
			buildRules = (
			);
			dependencies = (
				898FC3052D9B967300AA6247 /* PBXTargetDependency */,
			);
			fileSystemSynchronizedGroups = (
				898FC3062D9B967300AA6247 /* QuranianUITests */,
			);
			name = QuranianUITests;
			packageProductDependencies = (
			);
			productName = QuranianUITests;
			productReference = 898FC3032D9B967300AA6247 /* QuranianUITests.xctest */;
			productType = "com.apple.product-type.bundle.ui-testing";
		};
/* End PBXNativeTarget section */

/* Begin PBXProject section */
		898FC2E42D9B967000AA6247 /* Project object */ = {
			isa = PBXProject;
			attributes = {
				BuildIndependentTargetsInParallel = 1;
				LastSwiftUpdateCheck = 1630;
				LastUpgradeCheck = 1630;
				TargetAttributes = {
					898FC2EB2D9B967000AA6247 = {
						CreatedOnToolsVersion = 16.3;
					};
					898FC2F82D9B967300AA6247 = {
						CreatedOnToolsVersion = 16.3;
						TestTargetID = 898FC2EB2D9B967000AA6247;
					};
					898FC3022D9B967300AA6247 = {
						CreatedOnToolsVersion = 16.3;
						TestTargetID = 898FC2EB2D9B967000AA6247;
					};
				};
			};
			buildConfigurationList = 898FC2E72D9B967000AA6247 /* Build configuration list for PBXProject "Quranian" */;
			developmentRegion = en;
			hasScannedForEncodings = 0;
			knownRegions = (
				en,
				Base,
				ar,
			);
			mainGroup = 898FC2E32D9B967000AA6247;
			minimizedProjectReferenceProxies = 1;
			packageReferences = (
				894ADB6E2DAC07A200E9A61D /* XCRemoteSwiftPackageReference "SwiftUI-Tooltip" */,
			);
			preferredProjectObjectVersion = 77;
			productRefGroup = 898FC2ED2D9B967000AA6247 /* Products */;
			projectDirPath = "";
			projectRoot = "";
			targets = (
				898FC2EB2D9B967000AA6247 /* Quranian */,
				898FC2F82D9B967300AA6247 /* QuranianTests */,
				898FC3022D9B967300AA6247 /* QuranianUITests */,
			);
		};
/* End PBXProject section */

/* Begin PBXResourcesBuildPhase section */
		898FC2EA2D9B967000AA6247 /* Resources */ = {
			isa = PBXResourcesBuildPhase;
			buildActionMask = 2147483647;
			files = (
			);
			runOnlyForDeploymentPostprocessing = 0;
		};
		898FC2F72D9B967300AA6247 /* Resources */ = {
			isa = PBXResourcesBuildPhase;
			buildActionMask = 2147483647;
			files = (
			);
			runOnlyForDeploymentPostprocessing = 0;
		};
		898FC3012D9B967300AA6247 /* Resources */ = {
			isa = PBXResourcesBuildPhase;
			buildActionMask = 2147483647;
			files = (
			);
			runOnlyForDeploymentPostprocessing = 0;
		};
/* End PBXResourcesBuildPhase section */

/* Begin PBXSourcesBuildPhase section */
		898FC2E82D9B967000AA6247 /* Sources */ = {
			isa = PBXSourcesBuildPhase;
			buildActionMask = 2147483647;
			files = (
			);
			runOnlyForDeploymentPostprocessing = 0;
		};
		898FC2F52D9B967300AA6247 /* Sources */ = {
			isa = PBXSourcesBuildPhase;
			buildActionMask = 2147483647;
			files = (
			);
			runOnlyForDeploymentPostprocessing = 0;
		};
		898FC2FF2D9B967300AA6247 /* Sources */ = {
			isa = PBXSourcesBuildPhase;
			buildActionMask = 2147483647;
			files = (
			);
			runOnlyForDeploymentPostprocessing = 0;
		};
/* End PBXSourcesBuildPhase section */

/* Begin PBXTargetDependency section */
		898FC2FB2D9B967300AA6247 /* PBXTargetDependency */ = {
			isa = PBXTargetDependency;
			target = 898FC2EB2D9B967000AA6247 /* Quranian */;
			targetProxy = 898FC2FA2D9B967300AA6247 /* PBXContainerItemProxy */;
		};
		898FC3052D9B967300AA6247 /* PBXTargetDependency */ = {
			isa = PBXTargetDependency;
			target = 898FC2EB2D9B967000AA6247 /* Quranian */;
			targetProxy = 898FC3042D9B967300AA6247 /* PBXContainerItemProxy */;
		};
/* End PBXTargetDependency section */

/* Begin XCBuildConfiguration section */
		898FC30B2D9B967300AA6247 /* Debug */ = {
			isa = XCBuildConfiguration;
			buildSettings = {
				ALWAYS_SEARCH_USER_PATHS = NO;
				ASSETCATALOG_COMPILER_GENERATE_SWIFT_ASSET_SYMBOL_EXTENSIONS = YES;
				CLANG_ANALYZER_NONNULL = YES;
				CLANG_ANALYZER_NUMBER_OBJECT_CONVERSION = YES_AGGRESSIVE;
				CLANG_CXX_LANGUAGE_STANDARD = "gnu++20";
				CLANG_ENABLE_MODULES = YES;
				CLANG_ENABLE_OBJC_ARC = YES;
				CLANG_ENABLE_OBJC_WEAK = YES;
				CLANG_WARN_BLOCK_CAPTURE_AUTORELEASING = YES;
				CLANG_WARN_BOOL_CONVERSION = YES;
				CLANG_WARN_COMMA = YES;
				CLANG_WARN_CONSTANT_CONVERSION = YES;
				CLANG_WARN_DEPRECATED_OBJC_IMPLEMENTATIONS = YES;
				CLANG_WARN_DIRECT_OBJC_ISA_USAGE = YES_ERROR;
				CLANG_WARN_DOCUMENTATION_COMMENTS = YES;
				CLANG_WARN_EMPTY_BODY = YES;
				CLANG_WARN_ENUM_CONVERSION = YES;
				CLANG_WARN_INFINITE_RECURSION = YES;
				CLANG_WARN_INT_CONVERSION = YES;
				CLANG_WARN_NON_LITERAL_NULL_CONVERSION = YES;
				CLANG_WARN_OBJC_IMPLICIT_RETAIN_SELF = YES;
				CLANG_WARN_OBJC_LITERAL_CONVERSION = YES;
				CLANG_WARN_OBJC_ROOT_CLASS = YES_ERROR;
				CLANG_WARN_QUOTED_INCLUDE_IN_FRAMEWORK_HEADER = YES;
				CLANG_WARN_RANGE_LOOP_ANALYSIS = YES;
				CLANG_WARN_STRICT_PROTOTYPES = YES;
				CLANG_WARN_SUSPICIOUS_MOVE = YES;
				CLANG_WARN_UNGUARDED_AVAILABILITY = YES_AGGRESSIVE;
				CLANG_WARN_UNREACHABLE_CODE = YES;
				CLANG_WARN__DUPLICATE_METHOD_MATCH = YES;
				COPY_PHASE_STRIP = NO;
				DEBUG_INFORMATION_FORMAT = dwarf;
				DEVELOPMENT_TEAM = FJ3FMYPK3P;
				ENABLE_STRICT_OBJC_MSGSEND = YES;
				ENABLE_TESTABILITY = YES;
				ENABLE_USER_SCRIPT_SANDBOXING = YES;
				GCC_C_LANGUAGE_STANDARD = gnu17;
				GCC_DYNAMIC_NO_PIC = NO;
				GCC_NO_COMMON_BLOCKS = YES;
				GCC_OPTIMIZATION_LEVEL = 0;
				GCC_PREPROCESSOR_DEFINITIONS = (
					"DEBUG=1",
					"$(inherited)",
				);
				GCC_WARN_64_TO_32_BIT_CONVERSION = YES;
				GCC_WARN_ABOUT_RETURN_TYPE = YES_ERROR;
				GCC_WARN_UNDECLARED_SELECTOR = YES;
				GCC_WARN_UNINITIALIZED_AUTOS = YES_AGGRESSIVE;
				GCC_WARN_UNUSED_FUNCTION = YES;
				GCC_WARN_UNUSED_VARIABLE = YES;
				INFOPLIST_KEY_ITSEncryptionExportComplianceCode = "";
				IPHONEOS_DEPLOYMENT_TARGET = 18.4;
				LOCALIZATION_PREFERS_STRING_CATALOGS = YES;
				MTL_ENABLE_DEBUG_INFO = INCLUDE_SOURCE;
				MTL_FAST_MATH = YES;
				ONLY_ACTIVE_ARCH = YES;
				SDKROOT = iphoneos;
				SWIFT_ACTIVE_COMPILATION_CONDITIONS = "DEBUG $(inherited)";
				SWIFT_OPTIMIZATION_LEVEL = "-Onone";
			};
			name = Debug;
		};
		898FC30C2D9B967300AA6247 /* Release */ = {
			isa = XCBuildConfiguration;
			buildSettings = {
				ALWAYS_SEARCH_USER_PATHS = NO;
				ASSETCATALOG_COMPILER_GENERATE_SWIFT_ASSET_SYMBOL_EXTENSIONS = YES;
				CLANG_ANALYZER_NONNULL = YES;
				CLANG_ANALYZER_NUMBER_OBJECT_CONVERSION = YES_AGGRESSIVE;
				CLANG_CXX_LANGUAGE_STANDARD = "gnu++20";
				CLANG_ENABLE_MODULES = YES;
				CLANG_ENABLE_OBJC_ARC = YES;
				CLANG_ENABLE_OBJC_WEAK = YES;
				CLANG_WARN_BLOCK_CAPTURE_AUTORELEASING = YES;
				CLANG_WARN_BOOL_CONVERSION = YES;
				CLANG_WARN_COMMA = YES;
				CLANG_WARN_CONSTANT_CONVERSION = YES;
				CLANG_WARN_DEPRECATED_OBJC_IMPLEMENTATIONS = YES;
				CLANG_WARN_DIRECT_OBJC_ISA_USAGE = YES_ERROR;
				CLANG_WARN_DOCUMENTATION_COMMENTS = YES;
				CLANG_WARN_EMPTY_BODY = YES;
				CLANG_WARN_ENUM_CONVERSION = YES;
				CLANG_WARN_INFINITE_RECURSION = YES;
				CLANG_WARN_INT_CONVERSION = YES;
				CLANG_WARN_NON_LITERAL_NULL_CONVERSION = YES;
				CLANG_WARN_OBJC_IMPLICIT_RETAIN_SELF = YES;
				CLANG_WARN_OBJC_LITERAL_CONVERSION = YES;
				CLANG_WARN_OBJC_ROOT_CLASS = YES_ERROR;
				CLANG_WARN_QUOTED_INCLUDE_IN_FRAMEWORK_HEADER = YES;
				CLANG_WARN_RANGE_LOOP_ANALYSIS = YES;
				CLANG_WARN_STRICT_PROTOTYPES = YES;
				CLANG_WARN_SUSPICIOUS_MOVE = YES;
				CLANG_WARN_UNGUARDED_AVAILABILITY = YES_AGGRESSIVE;
				CLANG_WARN_UNREACHABLE_CODE = YES;
				CLANG_WARN__DUPLICATE_METHOD_MATCH = YES;
				COPY_PHASE_STRIP = NO;
				DEBUG_INFORMATION_FORMAT = "dwarf-with-dsym";
				DEVELOPMENT_TEAM = FJ3FMYPK3P;
				ENABLE_NS_ASSERTIONS = NO;
				ENABLE_STRICT_OBJC_MSGSEND = YES;
				ENABLE_USER_SCRIPT_SANDBOXING = YES;
				GCC_C_LANGUAGE_STANDARD = gnu17;
				GCC_NO_COMMON_BLOCKS = YES;
				GCC_WARN_64_TO_32_BIT_CONVERSION = YES;
				GCC_WARN_ABOUT_RETURN_TYPE = YES_ERROR;
				GCC_WARN_UNDECLARED_SELECTOR = YES;
				GCC_WARN_UNINITIALIZED_AUTOS = YES_AGGRESSIVE;
				GCC_WARN_UNUSED_FUNCTION = YES;
				GCC_WARN_UNUSED_VARIABLE = YES;
				INFOPLIST_KEY_ITSEncryptionExportComplianceCode = "";
				IPHONEOS_DEPLOYMENT_TARGET = 18.4;
				LOCALIZATION_PREFERS_STRING_CATALOGS = YES;
				MTL_ENABLE_DEBUG_INFO = NO;
				MTL_FAST_MATH = YES;
				SDKROOT = iphoneos;
				SWIFT_COMPILATION_MODE = wholemodule;
				VALIDATE_PRODUCT = YES;
			};
			name = Release;
		};
		898FC30E2D9B967300AA6247 /* Debug */ = {
			isa = XCBuildConfiguration;
			buildSettings = {
				ASSETCATALOG_COMPILER_APPICON_NAME = AppIcon;
				ASSETCATALOG_COMPILER_GLOBAL_ACCENT_COLOR_NAME = AccentColor;
				CODE_SIGN_STYLE = Automatic;
				CURRENT_PROJECT_VERSION = 1;
				DEVELOPMENT_TEAM = FJ3FMYPK3P;
				ENABLE_PREVIEWS = YES;
				GENERATE_INFOPLIST_FILE = YES;
				INFOPLIST_FILE = Quranian/Info.plist;
				INFOPLIST_KEY_CFBundleDisplayName = Quranian;
				INFOPLIST_KEY_LSApplicationCategoryType = "public.app-category.lifestyle";
				INFOPLIST_KEY_UIApplicationSceneManifest_Generation = YES;
				INFOPLIST_KEY_UIApplicationSupportsIndirectInputEvents = YES;
				INFOPLIST_KEY_UILaunchScreen_Generation = YES;
				INFOPLIST_KEY_UISupportedInterfaceOrientations_iPad = "UIInterfaceOrientationPortrait UIInterfaceOrientationPortraitUpsideDown UIInterfaceOrientationLandscapeLeft UIInterfaceOrientationLandscapeRight";
				INFOPLIST_KEY_UISupportedInterfaceOrientations_iPhone = "UIInterfaceOrientationPortrait UIInterfaceOrientationLandscapeLeft UIInterfaceOrientationLandscapeRight";
				IPHONEOS_DEPLOYMENT_TARGET = 16.6;
				LD_RUNPATH_SEARCH_PATHS = (
					"$(inherited)",
					"@executable_path/Frameworks",
				);
				MARKETING_VERSION = 1.4;
				PRODUCT_BUNDLE_IDENTIFIER = Tas.Quranian;
				PRODUCT_NAME = "$(TARGET_NAME)";
				SWIFT_EMIT_LOC_STRINGS = YES;
				SWIFT_VERSION = 5.0;
				TARGETED_DEVICE_FAMILY = "1,2";
			};
			name = Debug;
		};
		898FC30F2D9B967300AA6247 /* Release */ = {
			isa = XCBuildConfiguration;
			buildSettings = {
				ASSETCATALOG_COMPILER_APPICON_NAME = AppIcon;
				ASSETCATALOG_COMPILER_GLOBAL_ACCENT_COLOR_NAME = AccentColor;
				CODE_SIGN_STYLE = Automatic;
				CURRENT_PROJECT_VERSION = 1;
				DEVELOPMENT_TEAM = FJ3FMYPK3P;
				ENABLE_PREVIEWS = YES;
				GENERATE_INFOPLIST_FILE = YES;
				INFOPLIST_FILE = Quranian/Info.plist;
				INFOPLIST_KEY_CFBundleDisplayName = Quranian;
				INFOPLIST_KEY_LSApplicationCategoryType = "public.app-category.lifestyle";
				INFOPLIST_KEY_UIApplicationSceneManifest_Generation = YES;
				INFOPLIST_KEY_UIApplicationSupportsIndirectInputEvents = YES;
				INFOPLIST_KEY_UILaunchScreen_Generation = YES;
				INFOPLIST_KEY_UISupportedInterfaceOrientations_iPad = "UIInterfaceOrientationPortrait UIInterfaceOrientationPortraitUpsideDown UIInterfaceOrientationLandscapeLeft UIInterfaceOrientationLandscapeRight";
				INFOPLIST_KEY_UISupportedInterfaceOrientations_iPhone = "UIInterfaceOrientationPortrait UIInterfaceOrientationLandscapeLeft UIInterfaceOrientationLandscapeRight";
				IPHONEOS_DEPLOYMENT_TARGET = 16.6;
				LD_RUNPATH_SEARCH_PATHS = (
					"$(inherited)",
					"@executable_path/Frameworks",
				);
				MARKETING_VERSION = 1.4;
				PRODUCT_BUNDLE_IDENTIFIER = Tas.Quranian;
				PRODUCT_NAME = "$(TARGET_NAME)";
				SWIFT_EMIT_LOC_STRINGS = YES;
				SWIFT_VERSION = 5.0;
				TARGETED_DEVICE_FAMILY = "1,2";
			};
			name = Release;
		};
		898FC3112D9B967300AA6247 /* Debug */ = {
			isa = XCBuildConfiguration;
			buildSettings = {
				BUNDLE_LOADER = "$(TEST_HOST)";
				CODE_SIGN_STYLE = Automatic;
				CURRENT_PROJECT_VERSION = 1;
				DEVELOPMENT_TEAM = FJ3FMYPK3P;
				GENERATE_INFOPLIST_FILE = YES;
				IPHONEOS_DEPLOYMENT_TARGET = 18.4;
				MARKETING_VERSION = 1.0;
				PRODUCT_BUNDLE_IDENTIFIER = Tas.QuranianTests;
				PRODUCT_NAME = "$(TARGET_NAME)";
				SWIFT_EMIT_LOC_STRINGS = NO;
				SWIFT_VERSION = 5.0;
				TARGETED_DEVICE_FAMILY = "1,2";
				TEST_HOST = "$(BUILT_PRODUCTS_DIR)/Quranian.app/$(BUNDLE_EXECUTABLE_FOLDER_PATH)/Quranian";
			};
			name = Debug;
		};
		898FC3122D9B967300AA6247 /* Release */ = {
			isa = XCBuildConfiguration;
			buildSettings = {
				BUNDLE_LOADER = "$(TEST_HOST)";
				CODE_SIGN_STYLE = Automatic;
				CURRENT_PROJECT_VERSION = 1;
				DEVELOPMENT_TEAM = FJ3FMYPK3P;
				GENERATE_INFOPLIST_FILE = YES;
				IPHONEOS_DEPLOYMENT_TARGET = 18.4;
				MARKETING_VERSION = 1.0;
				PRODUCT_BUNDLE_IDENTIFIER = Tas.QuranianTests;
				PRODUCT_NAME = "$(TARGET_NAME)";
				SWIFT_EMIT_LOC_STRINGS = NO;
				SWIFT_VERSION = 5.0;
				TARGETED_DEVICE_FAMILY = "1,2";
				TEST_HOST = "$(BUILT_PRODUCTS_DIR)/Quranian.app/$(BUNDLE_EXECUTABLE_FOLDER_PATH)/Quranian";
			};
			name = Release;
		};
		898FC3142D9B967300AA6247 /* Debug */ = {
			isa = XCBuildConfiguration;
			buildSettings = {
				"CODE_SIGN_IDENTITY[sdk=macosx*]" = "-";
				CODE_SIGN_STYLE = Automatic;
				CURRENT_PROJECT_VERSION = 1;
				DEVELOPMENT_TEAM = FJ3FMYPK3P;
				GENERATE_INFOPLIST_FILE = YES;
				MARKETING_VERSION = 1.0;
				PRODUCT_BUNDLE_IDENTIFIER = Tas.QuranianUITests;
				PRODUCT_NAME = "$(TARGET_NAME)";
				SWIFT_EMIT_LOC_STRINGS = NO;
				SWIFT_VERSION = 5.0;
				TARGETED_DEVICE_FAMILY = "1,2";
				TEST_TARGET_NAME = Quranian;
			};
			name = Debug;
		};
		898FC3152D9B967300AA6247 /* Release */ = {
			isa = XCBuildConfiguration;
			buildSettings = {
				"CODE_SIGN_IDENTITY[sdk=macosx*]" = "-";
				CODE_SIGN_STYLE = Automatic;
				CURRENT_PROJECT_VERSION = 1;
				DEVELOPMENT_TEAM = FJ3FMYPK3P;
				GENERATE_INFOPLIST_FILE = YES;
				MARKETING_VERSION = 1.0;
				PRODUCT_BUNDLE_IDENTIFIER = Tas.QuranianUITests;
				PRODUCT_NAME = "$(TARGET_NAME)";
				SWIFT_EMIT_LOC_STRINGS = NO;
				SWIFT_VERSION = 5.0;
				TARGETED_DEVICE_FAMILY = "1,2";
				TEST_TARGET_NAME = Quranian;
			};
			name = Release;
		};
/* End XCBuildConfiguration section */

/* Begin XCConfigurationList section */
		898FC2E72D9B967000AA6247 /* Build configuration list for PBXProject "Quranian" */ = {
			isa = XCConfigurationList;
			buildConfigurations = (
				898FC30B2D9B967300AA6247 /* Debug */,
				898FC30C2D9B967300AA6247 /* Release */,
			);
			defaultConfigurationIsVisible = 0;
			defaultConfigurationName = Release;
		};
		898FC30D2D9B967300AA6247 /* Build configuration list for PBXNativeTarget "Quranian" */ = {
			isa = XCConfigurationList;
			buildConfigurations = (
				898FC30E2D9B967300AA6247 /* Debug */,
				898FC30F2D9B967300AA6247 /* Release */,
			);
			defaultConfigurationIsVisible = 0;
			defaultConfigurationName = Release;
		};
		898FC3102D9B967300AA6247 /* Build configuration list for PBXNativeTarget "QuranianTests" */ = {
			isa = XCConfigurationList;
			buildConfigurations = (
				898FC3112D9B967300AA6247 /* Debug */,
				898FC3122D9B967300AA6247 /* Release */,
			);
			defaultConfigurationIsVisible = 0;
			defaultConfigurationName = Release;
		};
		898FC3132D9B967300AA6247 /* Build configuration list for PBXNativeTarget "QuranianUITests" */ = {
			isa = XCConfigurationList;
			buildConfigurations = (
				898FC3142D9B967300AA6247 /* Debug */,
				898FC3152D9B967300AA6247 /* Release */,
			);
			defaultConfigurationIsVisible = 0;
			defaultConfigurationName = Release;
		};
/* End XCConfigurationList section */

/* Begin XCRemoteSwiftPackageReference section */
		894ADB6E2DAC07A200E9A61D /* XCRemoteSwiftPackageReference "SwiftUI-Tooltip" */ = {
			isa = XCRemoteSwiftPackageReference;
			repositoryURL = "https://github.com/quassum/SwiftUI-Tooltip.git";
			requirement = {
				kind = upToNextMajorVersion;
				minimumVersion = 1.0.2;
			};
		};
/* End XCRemoteSwiftPackageReference section */

/* Begin XCSwiftPackageProductDependency section */
		894ADB6F2DAC07B900E9A61D /* SwiftUITooltip */ = {
			isa = XCSwiftPackageProductDependency;
			package = 894ADB6E2DAC07A200E9A61D /* XCRemoteSwiftPackageReference "SwiftUI-Tooltip" */;
			productName = SwiftUITooltip;
		};
/* End XCSwiftPackageProductDependency section */
	};
	rootObject = 898FC2E42D9B967000AA6247 /* Project object */;
}
